
Microsoft Visual Studio Solution File, Format Version 12.00
# Visual Studio Version 17
VisualStudioVersion = 17.0.31903.59
MinimumVisualStudioVersion = 10.0.40219.1
Project("{2150E333-8FDC-42A3-9474-1A3956D46DE8}") = "src", "src", "{827E0CD3-B72D-47B6-A68D-7590B98EB39B}"
EndProject
Project("{FAE04EC0-301F-11D3-BF4B-00C04F79EFBC}") = "Odisea.Domain", "src\Odisea.Domain\Odisea.Domain.csproj", "{E0F0A253-1359-475F-93E7-00AB20AE8941}"
EndProject
Project("{FAE04EC0-301F-11D3-BF4B-00C04F79EFBC}") = "Odisea.Application", "src\Odisea.Application\Odisea.Application.csproj", "{CE454CC0-636E-49B3-B14A-8EC343348821}"
EndProject
Project("{FAE04EC0-301F-11D3-BF4B-00C04F79EFBC}") = "Odisea.Infrastructure", "src\Odisea.Infrastructure\Odisea.Infrastructure.csproj", "{65FB579D-4D9D-4F63-832E-178637057465}"
EndProject
Project("{FAE04EC0-301F-11D3-BF4B-00C04F79EFBC}") = "Odisea.WebAPI", "src\Odisea.WebAPI\Odisea.WebAPI.csproj", "{ACA0BD7B-649E-4D42-A880-C6EFAF050EF7}"
EndProject
Project("{FAE04EC0-301F-11D3-BF4B-00C04F79EFBC}") = "Odisea.UnitTests", "tests\Odisea.UnitTests\Odisea.UnitTests.csproj", "{A51D3694-57E2-4921-8633-6F041BAA65C8}"
EndProject
Global
	GlobalSection(SolutionConfigurationPlatforms) = preSolution
		Debug|Any CPU = Debug|Any CPU
		Debug|x64 = Debug|x64
		Debug|x86 = Debug|x86
		Release|Any CPU = Release|Any CPU
		Release|x64 = Release|x64
		Release|x86 = Release|x86
	EndGlobalSection
	GlobalSection(ProjectConfigurationPlatforms) = postSolution
		{E0F0A253-1359-475F-93E7-00AB20AE8941}.Debug|Any CPU.ActiveCfg = Debug|Any CPU
		{E0F0A253-1359-475F-93E7-00AB20AE8941}.Debug|Any CPU.Build.0 = Debug|Any CPU
		{E0F0A253-1359-475F-93E7-00AB20AE8941}.Debug|x64.ActiveCfg = Debug|Any CPU
		{E0F0A253-1359-475F-93E7-00AB20AE8941}.Debug|x64.Build.0 = Debug|Any CPU
		{E0F0A253-1359-475F-93E7-00AB20AE8941}.Debug|x86.ActiveCfg = Debug|Any CPU
		{E0F0A253-1359-475F-93E7-00AB20AE8941}.Debug|x86.Build.0 = Debug|Any CPU
		{E0F0A253-1359-475F-93E7-00AB20AE8941}.Release|Any CPU.ActiveCfg = Release|Any CPU
		{E0F0A253-1359-475F-93E7-00AB20AE8941}.Release|Any CPU.Build.0 = Release|Any CPU
		{E0F0A253-1359-475F-93E7-00AB20AE8941}.Release|x64.ActiveCfg = Release|Any CPU
		{E0F0A253-1359-475F-93E7-00AB20AE8941}.Release|x64.Build.0 = Release|Any CPU
		{E0F0A253-1359-475F-93E7-00AB20AE8941}.Release|x86.ActiveCfg = Release|Any CPU
		{E0F0A253-1359-475F-93E7-00AB20AE8941}.Release|x86.Build.0 = Release|Any CPU
		{CE454CC0-636E-49B3-B14A-8EC343348821}.Debug|Any CPU.ActiveCfg = Debug|Any CPU
		{CE454CC0-636E-49B3-B14A-8EC343348821}.Debug|Any CPU.Build.0 = Debug|Any CPU
		{CE454CC0-636E-49B3-B14A-8EC343348821}.Debug|x64.ActiveCfg = Debug|Any CPU
		{CE454CC0-636E-49B3-B14A-8EC343348821}.Debug|x64.Build.0 = Debug|Any CPU
		{CE454CC0-636E-49B3-B14A-8EC343348821}.Debug|x86.ActiveCfg = Debug|Any CPU
		{CE454CC0-636E-49B3-B14A-8EC343348821}.Debug|x86.Build.0 = Debug|Any CPU
		{CE454CC0-636E-49B3-B14A-8EC343348821}.Release|Any CPU.ActiveCfg = Release|Any CPU
		{CE454CC0-636E-49B3-B14A-8EC343348821}.Release|Any CPU.Build.0 = Release|Any CPU
		{CE454CC0-636E-49B3-B14A-8EC343348821}.Release|x64.ActiveCfg = Release|Any CPU
		{CE454CC0-636E-49B3-B14A-8EC343348821}.Release|x64.Build.0 = Release|Any CPU
		{CE454CC0-636E-49B3-B14A-8EC343348821}.Release|x86.ActiveCfg = Release|Any CPU
		{CE454CC0-636E-49B3-B14A-8EC343348821}.Release|x86.Build.0 = Release|Any CPU
		{65FB579D-4D9D-4F63-832E-178637057465}.Debug|Any CPU.ActiveCfg = Debug|Any CPU
		{65FB579D-4D9D-4F63-832E-178637057465}.Debug|Any CPU.Build.0 = Debug|Any CPU
		{65FB579D-4D9D-4F63-832E-178637057465}.Debug|x64.ActiveCfg = Debug|Any CPU
		{65FB579D-4D9D-4F63-832E-178637057465}.Debug|x64.Build.0 = Debug|Any CPU
		{65FB579D-4D9D-4F63-832E-178637057465}.Debug|x86.ActiveCfg = Debug|Any CPU
		{65FB579D-4D9D-4F63-832E-178637057465}.Debug|x86.Build.0 = Debug|Any CPU
		{65FB579D-4D9D-4F63-832E-178637057465}.Release|Any CPU.ActiveCfg = Release|Any CPU
		{65FB579D-4D9D-4F63-832E-178637057465}.Release|Any CPU.Build.0 = Release|Any CPU
		{65FB579D-4D9D-4F63-832E-178637057465}.Release|x64.ActiveCfg = Release|Any CPU
		{65FB579D-4D9D-4F63-832E-178637057465}.Release|x64.Build.0 = Release|Any CPU
		{65FB579D-4D9D-4F63-832E-178637057465}.Release|x86.ActiveCfg = Release|Any CPU
		{65FB579D-4D9D-4F63-832E-178637057465}.Release|x86.Build.0 = Release|Any CPU
		{ACA0BD7B-649E-4D42-A880-C6EFAF050EF7}.Debug|Any CPU.ActiveCfg = Debug|Any CPU
		{ACA0BD7B-649E-4D42-A880-C6EFAF050EF7}.Debug|Any CPU.Build.0 = Debug|Any CPU
		{ACA0BD7B-649E-4D42-A880-C6EFAF050EF7}.Debug|x64.ActiveCfg = Debug|Any CPU
		{ACA0BD7B-649E-4D42-A880-C6EFAF050EF7}.Debug|x64.Build.0 = Debug|Any CPU
		{ACA0BD7B-649E-4D42-A880-C6EFAF050EF7}.Debug|x86.ActiveCfg = Debug|Any CPU
		{ACA0BD7B-649E-4D42-A880-C6EFAF050EF7}.Debug|x86.Build.0 = Debug|Any CPU
		{ACA0BD7B-649E-4D42-A880-C6EFAF050EF7}.Release|Any CPU.ActiveCfg = Release|Any CPU
		{ACA0BD7B-649E-4D42-A880-C6EFAF050EF7}.Release|Any CPU.Build.0 = Release|Any CPU
		{ACA0BD7B-649E-4D42-A880-C6EFAF050EF7}.Release|x64.ActiveCfg = Release|Any CPU
		{ACA0BD7B-649E-4D42-A880-C6EFAF050EF7}.Release|x64.Build.0 = Release|Any CPU
		{ACA0BD7B-649E-4D42-A880-C6EFAF050EF7}.Release|x86.ActiveCfg = Release|Any CPU
		{ACA0BD7B-649E-4D42-A880-C6EFAF050EF7}.Release|x86.Build.0 = Release|Any CPU
		{A51D3694-57E2-4921-8633-6F041BAA65C8}.Debug|Any CPU.ActiveCfg = Debug|Any CPU
		{A51D3694-57E2-4921-8633-6F041BAA65C8}.Debug|Any CPU.Build.0 = Debug|Any CPU
		{A51D3694-57E2-4921-8633-6F041BAA65C8}.Debug|x64.ActiveCfg = Debug|Any CPU
		{A51D3694-57E2-4921-8633-6F041BAA65C8}.Debug|x64.Build.0 = Debug|Any CPU
		{A51D3694-57E2-4921-8633-6F041BAA65C8}.Debug|x86.ActiveCfg = Debug|Any CPU
		{A51D3694-57E2-4921-8633-6F041BAA65C8}.Debug|x86.Build.0 = Debug|Any CPU
		{A51D3694-57E2-4921-8633-6F041BAA65C8}.Release|Any CPU.ActiveCfg = Release|Any CPU
		{A51D3694-57E2-4921-8633-6F041BAA65C8}.Release|Any CPU.Build.0 = Release|Any CPU
		{A51D3694-57E2-4921-8633-6F041BAA65C8}.Release|x64.ActiveCfg = Release|Any CPU
		{A51D3694-57E2-4921-8633-6F041BAA65C8}.Release|x64.Build.0 = Release|Any CPU
		{A51D3694-57E2-4921-8633-6F041BAA65C8}.Release|x86.ActiveCfg = Release|Any CPU
		{A51D3694-57E2-4921-8633-6F041BAA65C8}.Release|x86.Build.0 = Release|Any CPU
	EndGlobalSection
	GlobalSection(SolutionProperties) = preSolution
		HideSolutionNode = FALSE
	EndGlobalSection
	GlobalSection(NestedProjects) = preSolution
		{E0F0A253-1359-475F-93E7-00AB20AE8941} = {827E0CD3-B72D-47B6-A68D-7590B98EB39B}
		{CE454CC0-636E-49B3-B14A-8EC343348821} = {827E0CD3-B72D-47B6-A68D-7590B98EB39B}
		{65FB579D-4D9D-4F63-832E-178637057465} = {827E0CD3-B72D-47B6-A68D-7590B98EB39B}
		{ACA0BD7B-649E-4D42-A880-C6EFAF050EF7} = {827E0CD3-B72D-47B6-A68D-7590B98EB39B}
		{A51D3694-57E2-4921-8633-6F041BAA65C8} = {827E0CD3-B72D-47B6-A68D-7590B98EB39B}
	EndGlobalSection
EndGlobal
